
Microsoft Visual Studio Solution File, Format Version 12.00
# Visual Studio Version 17
VisualStudioVersion = 17.9.34616.47
MinimumVisualStudioVersion = 10.0.40219.1
Project("{FAE04EC0-301F-11D3-BF4B-00C04F79EFBC}") = "TodoSeUsaNet7", "TodoSeUsaNet7\TodoSeUsaNet7.csproj", "{4A68087B-A8BB-4573-B8FF-68C869D7BA78}"
EndProject
Global
	GlobalSection(SolutionConfigurationPlatforms) = preSolution
		Debug|Any CPU = Debug|Any CPU
		Release|Any CPU = Release|Any CPU
	EndGlobalSection
	GlobalSection(ProjectConfigurationPlatforms) = postSolution
		{4A68087B-A8BB-4573-B8FF-68C869D7BA78}.Debug|Any CPU.ActiveCfg = Debug|Any CPU
		{4A68087B-A8BB-4573-B8FF-68C869D7BA78}.Debug|Any CPU.Build.0 = Debug|Any CPU
		{4A68087B-A8BB-4573-B8FF-68C869D7BA78}.Release|Any CPU.ActiveCfg = Release|Any CPU
		{4A68087B-A8BB-4573-B8FF-68C869D7BA78}.Release|Any CPU.Build.0 = Release|Any CPU
	EndGlobalSection
	GlobalSection(SolutionProperties) = preSolution
		HideSolutionNode = FALSE
	EndGlobalSection
	GlobalSection(ExtensibilityGlobals) = postSolution
		SolutionGuid = {36439987-C3A6-4D5B-817E-60202FBB13B8}
	EndGlobalSection
EndGlobal
